# This file is automatically @generated by Cargo.
# It is not intended for manual editing.
version = 4

[[package]]
name = "bitflags"
version = "2.13.0"
source = "registry+https://github.com/rust-lang/crates.io-index"
checksum = "b4388bee8683e3d04af747c73422af53102d2bd24d9eadb6cbc100baef4b43f8"

[[package]]
name = "libc"
version = "0.2.186"
source = "registry+https://github.com/rust-lang/crates.io-index"
checksum = "68ab91017fe16c622486840e4c83c9a37afeff978bd239b5293d61ece587de66"

[[package]]
name = "lowmc-eval-bench"
version = "0.0.0"
dependencies = [
 "perf-event",
]

[[package]]
name = "perf-event"
version = "0.4.9"
source = "registry+https://github.com/rust-lang/crates.io-index"
checksum = "c2529f39584dbaa980f4959510c963ae95f119c127c046012c2834365f694438"
dependencies = [
 "bitflags",
 "libc",
 "perf-event-open-sys",
]

[[package]]
name = "perf-event-open-sys"
version = "6.0.0"
source = "registry+https://github.com/rust-lang/crates.io-index"
checksum = "a5f8d1487a4ffa23c80a1c355dd27235f9b66fb71ba0f261eb417e4fe8451347"
dependencies = [
 "libc",
]
